// !$*UTF8*$!
{
	archiveVersion = 1;
	classes = {
	};
	objectVersion = 56;
	objects = {

/* Begin PBXBuildFile section */
		964AE62F2AE264A0003A194F /* SecondProjectWatchApp.swift in Sources */ = {isa = PBXBuildFile; fileRef = 964AE62E2AE264A0003A194F /* SecondProjectWatchApp.swift */; };
		964AE6312AE264A0003A194F /* ContentView.swift in Sources */ = {isa = PBXBuildFile; fileRef = 964AE6302AE264A0003A194F /* ContentView.swift */; };
		964AE6332AE264A3003A194F /* Assets.xcassets in Resources */ = {isa = PBXBuildFile; fileRef = 964AE6322AE264A3003A194F /* Assets.xcassets */; };
		964AE6362AE264A3003A194F /* Preview Assets.xcassets in Resources */ = {isa = PBXBuildFile; fileRef = 964AE6352AE264A3003A194F /* Preview Assets.xcassets */; };
		964AE6392AE264A3003A194F /* SecondProjectWatch Watch App.app in Embed Watch Content */ = {isa = PBXBuildFile; fileRef = 964AE62C2AE264A0003A194F /* SecondProjectWatch Watch App.app */; settings = {ATTRIBUTES = (RemoveHeadersOnCopy, ); }; };
		965F69E42AE22FBD00DF5CE0 /* SecondProjectApp.swift in Sources */ = {isa = PBXBuildFile; fileRef = 965F69E32AE22FBD00DF5CE0 /* SecondProjectApp.swift */; };
		965F69E62AE22FBD00DF5CE0 /* ContentView.swift in Sources */ = {isa = PBXBuildFile; fileRef = 965F69E52AE22FBD00DF5CE0 /* ContentView.swift */; };
		965F69E82AE22FBE00DF5CE0 /* Assets.xcassets in Resources */ = {isa = PBXBuildFile; fileRef = 965F69E72AE22FBE00DF5CE0 /* Assets.xcassets */; };
		965F69EB2AE22FBE00DF5CE0 /* Preview Assets.xcassets in Resources */ = {isa = PBXBuildFile; fileRef = 965F69EA2AE22FBE00DF5CE0 /* Preview Assets.xcassets */; };
/* End PBXBuildFile section */

/* Begin PBXContainerItemProxy section */
		964AE6372AE264A3003A194F /* PBXContainerItemProxy */ = {
			isa = PBXContainerItemProxy;
			containerPortal = 965F69D82AE22FBD00DF5CE0 /* Project object */;
			proxyType = 1;
			remoteGlobalIDString = 964AE62B2AE264A0003A194F;
			remoteInfo = "SecondProjectWatch Watch App";
		};
/* End PBXContainerItemProxy section */

/* Begin PBXCopyFilesBuildPhase section */
		964AE63A2AE264A3003A194F /* Embed Watch Content */ = {
			isa = PBXCopyFilesBuildPhase;
			buildActionMask = 2147483647;
			dstPath = "$(CONTENTS_FOLDER_PATH)/Watch";
			dstSubfolderSpec = 16;
			files = (
				964AE6392AE264A3003A194F /* SecondProjectWatch Watch App.app in Embed Watch Content */,
			);
			name = "Embed Watch Content";
			runOnlyForDeploymentPostprocessing = 0;
		};
/* End PBXCopyFilesBuildPhase section */

/* Begin PBXFileReference section */
		964AE62C2AE264A0003A194F /* SecondProjectWatch Watch App.app */ = {isa = PBXFileReference; explicitFileType = wrapper.application; includeInIndex = 0; path = "SecondProjectWatch Watch App.app"; sourceTree = BUILT_PRODUCTS_DIR; };
		964AE62E2AE264A0003A194F /* SecondProjectWatchApp.swift */ = {isa = PBXFileReference; lastKnownFileType = sourcecode.swift; path = SecondProjectWatchApp.swift; sourceTree = "<group>"; };
		964AE6302AE264A0003A194F /* ContentView.swift */ = {isa = PBXFileReference; lastKnownFileType = sourcecode.swift; path = ContentView.swift; sourceTree = "<group>"; };
		964AE6322AE264A3003A194F /* Assets.xcassets */ = {isa = PBXFileReference; lastKnownFileType = folder.assetcatalog; path = Assets.xcassets; sourceTree = "<group>"; };
		964AE6352AE264A3003A194F /* Preview Assets.xcassets */ = {isa = PBXFileReference; lastKnownFileType = folder.assetcatalog; path = "Preview Assets.xcassets"; sourceTree = "<group>"; };
		965F69E02AE22FBD00DF5CE0 /* SecondProject.app */ = {isa = PBXFileReference; explicitFileType = wrapper.application; includeInIndex = 0; path = SecondProject.app; sourceTree = BUILT_PRODUCTS_DIR; };
		965F69E32AE22FBD00DF5CE0 /* SecondProjectApp.swift */ = {isa = PBXFileReference; lastKnownFileType = sourcecode.swift; path = SecondProjectApp.swift; sourceTree = "<group>"; };
		965F69E52AE22FBD00DF5CE0 /* ContentView.swift */ = {isa = PBXFileReference; lastKnownFileType = sourcecode.swift; path = ContentView.swift; sourceTree = "<group>"; };
		965F69E72AE22FBE00DF5CE0 /* Assets.xcassets */ = {isa = PBXFileReference; lastKnownFileType = folder.assetcatalog; path = Assets.xcassets; sourceTree = "<group>"; };
		965F69EA2AE22FBE00DF5CE0 /* Preview Assets.xcassets */ = {isa = PBXFileReference; lastKnownFileType = folder.assetcatalog; path = "Preview Assets.xcassets"; sourceTree = "<group>"; };
/* End PBXFileReference section */

/* Begin PBXFrameworksBuildPhase section */
		964AE6292AE264A0003A194F /* Frameworks */ = {
			isa = PBXFrameworksBuildPhase;
			buildActionMask = 2147483647;
			files = (
			);
			runOnlyForDeploymentPostprocessing = 0;
		};
		965F69DD2AE22FBD00DF5CE0 /* Frameworks */ = {
			isa = PBXFrameworksBuildPhase;
			buildActionMask = 2147483647;
			files = (
			);
			runOnlyForDeploymentPostprocessing = 0;
		};
/* End PBXFrameworksBuildPhase section */

/* Begin PBXGroup section */
		964AE62D2AE264A0003A194F /* SecondProjectWatch Watch App */ = {
			isa = PBXGroup;
			children = (
				964AE62E2AE264A0003A194F /* SecondProjectWatchApp.swift */,
				964AE6302AE264A0003A194F /* ContentView.swift */,
				964AE6322AE264A3003A194F /* Assets.xcassets */,
				964AE6342AE264A3003A194F /* Preview Content */,
			);
			path = "SecondProjectWatch Watch App";
			sourceTree = "<group>";
		};
		964AE6342AE264A3003A194F /* Preview Content */ = {
			isa = PBXGroup;
			children = (
				964AE6352AE264A3003A194F /* Preview Assets.xcassets */,
			);
			path = "Preview Content";
			sourceTree = "<group>";
		};
		965F69D72AE22FBD00DF5CE0 = {
			isa = PBXGroup;
			children = (
				965F69E22AE22FBD00DF5CE0 /* SecondProject */,
				964AE62D2AE264A0003A194F /* SecondProjectWatch Watch App */,
				965F69E12AE22FBD00DF5CE0 /* Products */,
			);
			sourceTree = "<group>";
		};
		965F69E12AE22FBD00DF5CE0 /* Products */ = {
			isa = PBXGroup;
			children = (
				965F69E02AE22FBD00DF5CE0 /* SecondProject.app */,
				964AE62C2AE264A0003A194F /* SecondProjectWatch Watch App.app */,
			);
			name = Products;
			sourceTree = "<group>";
		};
		965F69E22AE22FBD00DF5CE0 /* SecondProject */ = {
			isa = PBXGroup;
			children = (
				965F69E32AE22FBD00DF5CE0 /* SecondProjectApp.swift */,
				965F69E52AE22FBD00DF5CE0 /* ContentView.swift */,
				965F69E72AE22FBE00DF5CE0 /* Assets.xcassets */,
				965F69E92AE22FBE00DF5CE0 /* Preview Content */,
			);
			path = SecondProject;
			sourceTree = "<group>";
		};
		965F69E92AE22FBE00DF5CE0 /* Preview Content */ = {
			isa = PBXGroup;
			children = (
				965F69EA2AE22FBE00DF5CE0 /* Preview Assets.xcassets */,
			);
			path = "Preview Content";
			sourceTree = "<group>";
		};
/* End PBXGroup section */

/* Begin PBXNativeTarget section */
		964AE62B2AE264A0003A194F /* SecondProjectWatch Watch App */ = {
			isa = PBXNativeTarget;
			buildConfigurationList = 964AE63D2AE264A3003A194F /* Build configuration list for PBXNativeTarget "SecondProjectWatch Watch App" */;
			buildPhases = (
				964AE6282AE264A0003A194F /* Sources */,
				964AE6292AE264A0003A194F /* Frameworks */,
				964AE62A2AE264A0003A194F /* Resources */,
			);
			buildRules = (
			);
			dependencies = (
			);
			name = "SecondProjectWatch Watch App";
			productName = "SecondProjectWatch Watch App";
			productReference = 964AE62C2AE264A0003A194F /* SecondProjectWatch Watch App.app */;
			productType = "com.apple.product-type.application";
		};
		965F69DF2AE22FBD00DF5CE0 /* SecondProject */ = {
			isa = PBXNativeTarget;
			buildConfigurationList = 965F69EE2AE22FBE00DF5CE0 /* Build configuration list for PBXNativeTarget "SecondProject" */;
			buildPhases = (
				965F69DC2AE22FBD00DF5CE0 /* Sources */,
				965F69DD2AE22FBD00DF5CE0 /* Frameworks */,
				965F69DE2AE22FBD00DF5CE0 /* Resources */,
				964AE63A2AE264A3003A194F /* Embed Watch Content */,
			);
			buildRules = (
			);
			dependencies = (
				964AE6382AE264A3003A194F /* PBXTargetDependency */,
			);
			name = SecondProject;
			productName = SecondProject;
			productReference = 965F69E02AE22FBD00DF5CE0 /* SecondProject.app */;
			productType = "com.apple.product-type.application";
		};
/* End PBXNativeTarget section */

/* Begin PBXProject section */
		965F69D82AE22FBD00DF5CE0 /* Project object */ = {
			isa = PBXProject;
			attributes = {
				BuildIndependentTargetsInParallel = 1;
				LastSwiftUpdateCheck = 1410;
				LastUpgradeCheck = 1410;
				TargetAttributes = {
					964AE62B2AE264A0003A194F = {
						CreatedOnToolsVersion = 14.1;
					};
					965F69DF2AE22FBD00DF5CE0 = {
						CreatedOnToolsVersion = 14.1;
					};
				};
			};
			buildConfigurationList = 965F69DB2AE22FBD00DF5CE0 /* Build configuration list for PBXProject "SecondProject" */;
			compatibilityVersion = "Xcode 14.0";
			developmentRegion = en;
			hasScannedForEncodings = 0;
			knownRegions = (
				en,
				Base,
			);
			mainGroup = 965F69D72AE22FBD00DF5CE0;
			productRefGroup = 965F69E12AE22FBD00DF5CE0 /* Products */;
			projectDirPath = "";
			projectRoot = "";
			targets = (
				965F69DF2AE22FBD00DF5CE0 /* SecondProject */,
				964AE62B2AE264A0003A194F /* SecondProjectWatch Watch App */,
			);
		};
/* End PBXProject section */

/* Begin PBXResourcesBuildPhase section */
		964AE62A2AE264A0003A194F /* Resources */ = {
			isa = PBXResourcesBuildPhase;
			buildActionMask = 2147483647;
			files = (
				964AE6362AE264A3003A194F /* Preview Assets.xcassets in Resources */,
				964AE6332AE264A3003A194F /* Assets.xcassets in Resources */,
			);
			runOnlyForDeploymentPostprocessing = 0;
		};
		965F69DE2AE22FBD00DF5CE0 /* Resources */ = {
			isa = PBXResourcesBuildPhase;
			buildActionMask = 2147483647;
			files = (
				965F69EB2AE22FBE00DF5CE0 /* Preview Assets.xcassets in Resources */,
				965F69E82AE22FBE00DF5CE0 /* Assets.xcassets in Resources */,
			);
			runOnlyForDeploymentPostprocessing = 0;
		};
/* End PBXResourcesBuildPhase section */

/* Begin PBXSourcesBuildPhase section */
		964AE6282AE264A0003A194F /* Sources */ = {
			isa = PBXSourcesBuildPhase;
			buildActionMask = 2147483647;
			files = (
				964AE6312AE264A0003A194F /* ContentView.swift in Sources */,
				964AE62F2AE264A0003A194F /* SecondProjectWatchApp.swift in Sources */,
			);
			runOnlyForDeploymentPostprocessing = 0;
		};
		965F69DC2AE22FBD00DF5CE0 /* Sources */ = {
			isa = PBXSourcesBuildPhase;
			buildActionMask = 2147483647;
			files = (
				965F69E62AE22FBD00DF5CE0 /* ContentView.swift in Sources */,
				965F69E42AE22FBD00DF5CE0 /* SecondProjectApp.swift in Sources */,
			);
			runOnlyForDeploymentPostprocessing = 0;
		};
/* End PBXSourcesBuildPhase section */

/* Begin PBXTargetDependency section */
		964AE6382AE264A3003A194F /* PBXTargetDependency */ = {
			isa = PBXTargetDependency;
			target = 964AE62B2AE264A0003A194F /* SecondProjectWatch Watch App */;
			targetProxy = 964AE6372AE264A3003A194F /* PBXContainerItemProxy */;
		};
/* End PBXTargetDependency section */

/* Begin XCBuildConfiguration section */
		964AE63B2AE264A3003A194F /* Debug */ = {
			isa = XCBuildConfiguration;
			buildSettings = {
				ASSETCATALOG_COMPILER_APPICON_NAME = AppIcon;
				ASSETCATALOG_COMPILER_GLOBAL_ACCENT_COLOR_NAME = AccentColor;
				CODE_SIGN_STYLE = Automatic;
				CURRENT_PROJECT_VERSION = 1;
				DEVELOPMENT_ASSET_PATHS = "\"SecondProjectWatch Watch App/Preview Content\"";
				DEVELOPMENT_TEAM = M85VR7MMDY;
				ENABLE_PREVIEWS = YES;
				GENERATE_INFOPLIST_FILE = YES;
				INFOPLIST_KEY_CFBundleDisplayName = SecondProjectWatch;
				INFOPLIST_KEY_UISupportedInterfaceOrientations = "UIInterfaceOrientationPortrait UIInterfaceOrientationPortraitUpsideDown";
				INFOPLIST_KEY_WKCompanionAppBundleIdentifier = com.bagusrizky.SecondProject;
				LD_RUNPATH_SEARCH_PATHS = (
					"$(inherited)",
					"@executable_path/Frameworks",
				);
				MARKETING_VERSION = 1.0;
				PRODUCT_BUNDLE_IDENTIFIER = com.bagusrizky.SecondProject.watchkitapp;
				PRODUCT_NAME = "$(TARGET_NAME)";
				SDKROOT = watchos;
				SKIP_INSTALL = YES;
				SWIFT_EMIT_LOC_STRINGS = YES;
				SWIFT_VERSION = 5.0;
				TARGETED_DEVICE_FAMILY = 4;
				WATCHOS_DEPLOYMENT_TARGET = 9.1;
			};
			name = Debug;
		};
		964AE63C2AE264A3003A194F /* Release */ = {
			isa = XCBuildConfiguration;
			buildSettings = {
				ASSETCATALOG_COMPILER_APPICON_NAME = AppIcon;
				ASSETCATALOG_COMPILER_GLOBAL_ACCENT_COLOR_NAME = AccentColor;
				CODE_SIGN_STYLE = Automatic;
				CURRENT_PROJECT_VERSION = 1;
				DEVELOPMENT_ASSET_PATHS = "\"SecondProjectWatch Watch App/Preview Content\"";
				DEVELOPMENT_TEAM = M85VR7MMDY;
				ENABLE_PREVIEWS = YES;
				GENERATE_INFOPLIST_FILE = YES;
				INFOPLIST_KEY_CFBundleDisplayName = SecondProjectWatch;
				INFOPLIST_KEY_UISupportedInterfaceOrientations = "UIInterfaceOrientationPortrait UIInterfaceOrientationPortraitUpsideDown";
				INFOPLIST_KEY_WKCompanionAppBundleIdentifier = com.bagusrizky.SecondProject;
				LD_RUNPATH_SEARCH_PATHS = (
					"$(inherited)",
					"@executable_path/Frameworks",
				);
				MARKETING_VERSION = 1.0;
				PRODUCT_BUNDLE_IDENTIFIER = com.bagusrizky.SecondProject.watchkitapp;
				PRODUCT_NAME = "$(TARGET_NAME)";
				SDKROOT = watchos;
				SKIP_INSTALL = YES;
				SWIFT_EMIT_LOC_STRINGS = YES;
				SWIFT_VERSION = 5.0;
				TARGETED_DEVICE_FAMILY = 4;
				WATCHOS_DEPLOYMENT_TARGET = 9.1;
			};
			name = Release;
		};
		965F69EC2AE22FBE00DF5CE0 /* Debug */ = {
			isa = XCBuildConfiguration;
			buildSettings = {
				ALWAYS_SEARCH_USER_PATHS = NO;
				CLANG_ANALYZER_NONNULL = YES;
				CLANG_ANALYZER_NUMBER_OBJECT_CONVERSION = YES_AGGRESSIVE;
				CLANG_CXX_LANGUAGE_STANDARD = "gnu++20";
				CLANG_ENABLE_MODULES = YES;
				CLANG_ENABLE_OBJC_ARC = YES;
				CLANG_ENABLE_OBJC_WEAK = YES;
				CLANG_WARN_BLOCK_CAPTURE_AUTORELEASING = YES;
				CLANG_WARN_BOOL_CONVERSION = YES;
				CLANG_WARN_COMMA = YES;
				CLANG_WARN_CONSTANT_CONVERSION = YES;
				CLANG_WARN_DEPRECATED_OBJC_IMPLEMENTATIONS = YES;
				CLANG_WARN_DIRECT_OBJC_ISA_USAGE = YES_ERROR;
				CLANG_WARN_DOCUMENTATION_COMMENTS = YES;
				CLANG_WARN_EMPTY_BODY = YES;
				CLANG_WARN_ENUM_CONVERSION = YES;
				CLANG_WARN_INFINITE_RECURSION = YES;
				CLANG_WARN_INT_CONVERSION = YES;
				CLANG_WARN_NON_LITERAL_NULL_CONVERSION = YES;
				CLANG_WARN_OBJC_IMPLICIT_RETAIN_SELF = YES;
				CLANG_WARN_OBJC_LITERAL_CONVERSION = YES;
				CLANG_WARN_OBJC_ROOT_CLASS = YES_ERROR;
				CLANG_WARN_QUOTED_INCLUDE_IN_FRAMEWORK_HEADER = YES;
				CLANG_WARN_RANGE_LOOP_ANALYSIS = YES;
				CLANG_WARN_STRICT_PROTOTYPES = YES;
				CLANG_WARN_SUSPICIOUS_MOVE = YES;
				CLANG_WARN_UNGUARDED_AVAILABILITY = YES_AGGRESSIVE;
				CLANG_WARN_UNREACHABLE_CODE = YES;
				CLANG_WARN__DUPLICATE_METHOD_MATCH = YES;
				COPY_PHASE_STRIP = NO;
				DEBUG_INFORMATION_FORMAT = dwarf;
				ENABLE_STRICT_OBJC_MSGSEND = YES;
				ENABLE_TESTABILITY = YES;
				GCC_C_LANGUAGE_STANDARD = gnu11;
				GCC_DYNAMIC_NO_PIC = NO;
				GCC_NO_COMMON_BLOCKS = YES;
				GCC_OPTIMIZATION_LEVEL = 0;
				GCC_PREPROCESSOR_DEFINITIONS = (
					"DEBUG=1",
					"$(inherited)",
				);
				GCC_WARN_64_TO_32_BIT_CONVERSION = YES;
				GCC_WARN_ABOUT_RETURN_TYPE = YES_ERROR;
				GCC_WARN_UNDECLARED_SELECTOR = YES;
				GCC_WARN_UNINITIALIZED_AUTOS = YES_AGGRESSIVE;
				GCC_WARN_UNUSED_FUNCTION = YES;
				GCC_WARN_UNUSED_VARIABLE = YES;
				IPHONEOS_DEPLOYMENT_TARGET = 16.1;
				MTL_ENABLE_DEBUG_INFO = INCLUDE_SOURCE;
				MTL_FAST_MATH = YES;
				ONLY_ACTIVE_ARCH = YES;
				SDKROOT = iphoneos;
				SWIFT_ACTIVE_COMPILATION_CONDITIONS = DEBUG;
				SWIFT_OPTIMIZATION_LEVEL = "-Onone";
			};
			name = Debug;
		};
		965F69ED2AE22FBE00DF5CE0 /* Release */ = {
			isa = XCBuildConfiguration;
			buildSettings = {
				ALWAYS_SEARCH_USER_PATHS = NO;
				CLANG_ANALYZER_NONNULL = YES;
				CLANG_ANALYZER_NUMBER_OBJECT_CONVERSION = YES_AGGRESSIVE;
				CLANG_CXX_LANGUAGE_STANDARD = "gnu++20";
				CLANG_ENABLE_MODULES = YES;
				CLANG_ENABLE_OBJC_ARC = YES;
				CLANG_ENABLE_OBJC_WEAK = YES;
				CLANG_WARN_BLOCK_CAPTURE_AUTORELEASING = YES;
				CLANG_WARN_BOOL_CONVERSION = YES;
				CLANG_WARN_COMMA = YES;
				CLANG_WARN_CONSTANT_CONVERSION = YES;
				CLANG_WARN_DEPRECATED_OBJC_IMPLEMENTATIONS = YES;
				CLANG_WARN_DIRECT_OBJC_ISA_USAGE = YES_ERROR;
				CLANG_WARN_DOCUMENTATION_COMMENTS = YES;
				CLANG_WARN_EMPTY_BODY = YES;
				CLANG_WARN_ENUM_CONVERSION = YES;
				CLANG_WARN_INFINITE_RECURSION = YES;
				CLANG_WARN_INT_CONVERSION = YES;
				CLANG_WARN_NON_LITERAL_NULL_CONVERSION = YES;
				CLANG_WARN_OBJC_IMPLICIT_RETAIN_SELF = YES;
				CLANG_WARN_OBJC_LITERAL_CONVERSION = YES;
				CLANG_WARN_OBJC_ROOT_CLASS = YES_ERROR;
				CLANG_WARN_QUOTED_INCLUDE_IN_FRAMEWORK_HEADER = YES;
				CLANG_WARN_RANGE_LOOP_ANALYSIS = YES;
				CLANG_WARN_STRICT_PROTOTYPES = YES;
				CLANG_WARN_SUSPICIOUS_MOVE = YES;
				CLANG_WARN_UNGUARDED_AVAILABILITY = YES_AGGRESSIVE;
				CLANG_WARN_UNREACHABLE_CODE = YES;
				CLANG_WARN__DUPLICATE_METHOD_MATCH = YES;
				COPY_PHASE_STRIP = NO;
				DEBUG_INFORMATION_FORMAT = "dwarf-with-dsym";
				ENABLE_NS_ASSERTIONS = NO;
				ENABLE_STRICT_OBJC_MSGSEND = YES;
				GCC_C_LANGUAGE_STANDARD = gnu11;
				GCC_NO_COMMON_BLOCKS = YES;
				GCC_WARN_64_TO_32_BIT_CONVERSION = YES;
				GCC_WARN_ABOUT_RETURN_TYPE = YES_ERROR;
				GCC_WARN_UNDECLARED_SELECTOR = YES;
				GCC_WARN_UNINITIALIZED_AUTOS = YES_AGGRESSIVE;
				GCC_WARN_UNUSED_FUNCTION = YES;
				GCC_WARN_UNUSED_VARIABLE = YES;
				IPHONEOS_DEPLOYMENT_TARGET = 16.1;
				MTL_ENABLE_DEBUG_INFO = NO;
				MTL_FAST_MATH = YES;
				SDKROOT = iphoneos;
				SWIFT_COMPILATION_MODE = wholemodule;
				SWIFT_OPTIMIZATION_LEVEL = "-O";
				VALIDATE_PRODUCT = YES;
			};
			name = Release;
		};
		965F69EF2AE22FBE00DF5CE0 /* Debug */ = {
			isa = XCBuildConfiguration;
			buildSettings = {
				ALWAYS_EMBED_SWIFT_STANDARD_LIBRARIES = YES;
				ASSETCATALOG_COMPILER_APPICON_NAME = AppIcon;
				ASSETCATALOG_COMPILER_GLOBAL_ACCENT_COLOR_NAME = AccentColor;
				CODE_SIGN_STYLE = Automatic;
				CURRENT_PROJECT_VERSION = 1;
				DEVELOPMENT_ASSET_PATHS = "\"SecondProject/Preview Content\"";
				DEVELOPMENT_TEAM = M85VR7MMDY;
				ENABLE_PREVIEWS = YES;
				GENERATE_INFOPLIST_FILE = YES;
				INFOPLIST_KEY_UIApplicationSceneManifest_Generation = YES;
				INFOPLIST_KEY_UIApplicationSupportsIndirectInputEvents = YES;
				INFOPLIST_KEY_UILaunchScreen_Generation = YES;
				INFOPLIST_KEY_UISupportedInterfaceOrientations_iPad = "UIInterfaceOrientationPortrait UIInterfaceOrientationPortraitUpsideDown UIInterfaceOrientationLandscapeLeft UIInterfaceOrientationLandscapeRight";
				INFOPLIST_KEY_UISupportedInterfaceOrientations_iPhone = "UIInterfaceOrientationPortrait UIInterfaceOrientationLandscapeLeft UIInterfaceOrientationLandscapeRight";
				LD_RUNPATH_SEARCH_PATHS = (
					"$(inherited)",
					"@executable_path/Frameworks",
				);
				MARKETING_VERSION = 1.0;
				PRODUCT_BUNDLE_IDENTIFIER = com.bagusrizky.SecondProject;
				PRODUCT_NAME = "$(TARGET_NAME)";
				SWIFT_EMIT_LOC_STRINGS = YES;
				SWIFT_VERSION = 5.0;
				TARGETED_DEVICE_FAMILY = "1,2";
			};
			name = Debug;
		};
		965F69F02AE22FBE00DF5CE0 /* Release */ = {
			isa = XCBuildConfiguration;
			buildSettings = {
				ALWAYS_EMBED_SWIFT_STANDARD_LIBRARIES = YES;
				ASSETCATALOG_COMPILER_APPICON_NAME = AppIcon;
				ASSETCATALOG_COMPILER_GLOBAL_ACCENT_COLOR_NAME = AccentColor;
				CODE_SIGN_STYLE = Automatic;
				CURRENT_PROJECT_VERSION = 1;
				DEVELOPMENT_ASSET_PATHS = "\"SecondProject/Preview Content\"";
				DEVELOPMENT_TEAM = M85VR7MMDY;
				ENABLE_PREVIEWS = YES;
				GENERATE_INFOPLIST_FILE = YES;
				INFOPLIST_KEY_UIApplicationSceneManifest_Generation = YES;
				INFOPLIST_KEY_UIApplicationSupportsIndirectInputEvents = YES;
				INFOPLIST_KEY_UILaunchScreen_Generation = YES;
				INFOPLIST_KEY_UISupportedInterfaceOrientations_iPad = "UIInterfaceOrientationPortrait UIInterfaceOrientationPortraitUpsideDown UIInterfaceOrientationLandscapeLeft UIInterfaceOrientationLandscapeRight";
				INFOPLIST_KEY_UISupportedInterfaceOrientations_iPhone = "UIInterfaceOrientationPortrait UIInterfaceOrientationLandscapeLeft UIInterfaceOrientationLandscapeRight";
				LD_RUNPATH_SEARCH_PATHS = (
					"$(inherited)",
					"@executable_path/Frameworks",
				);
				MARKETING_VERSION = 1.0;
				PRODUCT_BUNDLE_IDENTIFIER = com.bagusrizky.SecondProject;
				PRODUCT_NAME = "$(TARGET_NAME)";
				SWIFT_EMIT_LOC_STRINGS = YES;
				SWIFT_VERSION = 5.0;
				TARGETED_DEVICE_FAMILY = "1,2";
			};
			name = Release;
		};
/* End XCBuildConfiguration section */

/* Begin XCConfigurationList section */
		964AE63D2AE264A3003A194F /* Build configuration list for PBXNativeTarget "SecondProjectWatch Watch App" */ = {
			isa = XCConfigurationList;
			buildConfigurations = (
				964AE63B2AE264A3003A194F /* Debug */,
				964AE63C2AE264A3003A194F /* Release */,
			);
			defaultConfigurationIsVisible = 0;
			defaultConfigurationName = Release;
		};
		965F69DB2AE22FBD00DF5CE0 /* Build configuration list for PBXProject "SecondProject" */ = {
			isa = XCConfigurationList;
			buildConfigurations = (
				965F69EC2AE22FBE00DF5CE0 /* Debug */,
				965F69ED2AE22FBE00DF5CE0 /* Release */,
			);
			defaultConfigurationIsVisible = 0;
			defaultConfigurationName = Release;
		};
		965F69EE2AE22FBE00DF5CE0 /* Build configuration list for PBXNativeTarget "SecondProject" */ = {
			isa = XCConfigurationList;
			buildConfigurations = (
				965F69EF2AE22FBE00DF5CE0 /* Debug */,
				965F69F02AE22FBE00DF5CE0 /* Release */,
			);
			defaultConfigurationIsVisible = 0;
			defaultConfigurationName = Release;
		};
/* End XCConfigurationList section */
	};
	rootObject = 965F69D82AE22FBD00DF5CE0 /* Project object */;
}
