// !$*UTF8*$!
{
	archiveVersion = 1;
	classes = {
	};
	objectVersion = 56;
	objects = {

/* Begin PBXBuildFile section */
		963858442AD8E5A300DCC85B /* SecondViewController.swift in Sources */ = {isa = PBXBuildFile; fileRef = 963858432AD8E5A300DCC85B /* SecondViewController.swift */; };
		9638584E2AD9234F00DCC85B /* CustomButton.swift in Sources */ = {isa = PBXBuildFile; fileRef = 9638584D2AD9234F00DCC85B /* CustomButton.swift */; };
		963858502AD92E5700DCC85B /* CustomButton.xib in Resources */ = {isa = PBXBuildFile; fileRef = 9638584F2AD92E5700DCC85B /* CustomButton.xib */; };
		963858612AD9392C00DCC85B /* ProfileView.swift in Sources */ = {isa = PBXBuildFile; fileRef = 9638585F2AD9392C00DCC85B /* ProfileView.swift */; };
		963858622AD9392C00DCC85B /* ProfileView.xib in Resources */ = {isa = PBXBuildFile; fileRef = 963858602AD9392C00DCC85B /* ProfileView.xib */; };
		963858642AD93B1A00DCC85B /* TableViewController.swift in Sources */ = {isa = PBXBuildFile; fileRef = 963858632AD93B1A00DCC85B /* TableViewController.swift */; };
		966116F22AD790A600AE6C66 /* AppDelegate.swift in Sources */ = {isa = PBXBuildFile; fileRef = 966116F12AD790A600AE6C66 /* AppDelegate.swift */; };
		966116F42AD790A600AE6C66 /* SceneDelegate.swift in Sources */ = {isa = PBXBuildFile; fileRef = 966116F32AD790A600AE6C66 /* SceneDelegate.swift */; };
		966116F62AD790A600AE6C66 /* ViewController.swift in Sources */ = {isa = PBXBuildFile; fileRef = 966116F52AD790A600AE6C66 /* ViewController.swift */; };
		966116F92AD790A600AE6C66 /* Main.storyboard in Resources */ = {isa = PBXBuildFile; fileRef = 966116F72AD790A600AE6C66 /* Main.storyboard */; };
		966116FB2AD790A800AE6C66 /* Assets.xcassets in Resources */ = {isa = PBXBuildFile; fileRef = 966116FA2AD790A800AE6C66 /* Assets.xcassets */; };
		966116FE2AD790A800AE6C66 /* LaunchScreen.storyboard in Resources */ = {isa = PBXBuildFile; fileRef = 966116FC2AD790A800AE6C66 /* LaunchScreen.storyboard */; };
		96681BBA2ADF7AF40093AC18 /* Profile.swift in Sources */ = {isa = PBXBuildFile; fileRef = 96681BB92ADF7AF40093AC18 /* Profile.swift */; };
		E010441C462AF71019D81621 /* Pods_1__First_Project.framework in Frameworks */ = {isa = PBXBuildFile; fileRef = C7F16B1FC6786038C5C3910E /* Pods_1__First_Project.framework */; };
/* End PBXBuildFile section */

/* Begin PBXFileReference section */
		1527A9E0BC962511174C95AF /* Pods-1. First Project.release.xcconfig */ = {isa = PBXFileReference; includeInIndex = 1; lastKnownFileType = text.xcconfig; name = "Pods-1. First Project.release.xcconfig"; path = "Target Support Files/Pods-1. First Project/Pods-1. First Project.release.xcconfig"; sourceTree = "<group>"; };
		8DB5B92DE40C725CE35ECD44 /* Pods-1. First Project.debug.xcconfig */ = {isa = PBXFileReference; includeInIndex = 1; lastKnownFileType = text.xcconfig; name = "Pods-1. First Project.debug.xcconfig"; path = "Target Support Files/Pods-1. First Project/Pods-1. First Project.debug.xcconfig"; sourceTree = "<group>"; };
		963858432AD8E5A300DCC85B /* SecondViewController.swift */ = {isa = PBXFileReference; lastKnownFileType = sourcecode.swift; path = SecondViewController.swift; sourceTree = "<group>"; };
		9638584D2AD9234F00DCC85B /* CustomButton.swift */ = {isa = PBXFileReference; lastKnownFileType = sourcecode.swift; path = CustomButton.swift; sourceTree = "<group>"; };
		9638584F2AD92E5700DCC85B /* CustomButton.xib */ = {isa = PBXFileReference; lastKnownFileType = file.xib; path = CustomButton.xib; sourceTree = "<group>"; };
		9638585F2AD9392C00DCC85B /* ProfileView.swift */ = {isa = PBXFileReference; lastKnownFileType = sourcecode.swift; path = ProfileView.swift; sourceTree = "<group>"; };
		963858602AD9392C00DCC85B /* ProfileView.xib */ = {isa = PBXFileReference; lastKnownFileType = file.xib; path = ProfileView.xib; sourceTree = "<group>"; };
		963858632AD93B1A00DCC85B /* TableViewController.swift */ = {isa = PBXFileReference; lastKnownFileType = sourcecode.swift; path = TableViewController.swift; sourceTree = "<group>"; };
		966116EE2AD790A600AE6C66 /* 1. First Project.app */ = {isa = PBXFileReference; explicitFileType = wrapper.application; includeInIndex = 0; path = "1. First Project.app"; sourceTree = BUILT_PRODUCTS_DIR; };
		966116F12AD790A600AE6C66 /* AppDelegate.swift */ = {isa = PBXFileReference; lastKnownFileType = sourcecode.swift; path = AppDelegate.swift; sourceTree = "<group>"; };
		966116F32AD790A600AE6C66 /* SceneDelegate.swift */ = {isa = PBXFileReference; lastKnownFileType = sourcecode.swift; path = SceneDelegate.swift; sourceTree = "<group>"; };
		966116F52AD790A600AE6C66 /* ViewController.swift */ = {isa = PBXFileReference; lastKnownFileType = sourcecode.swift; path = ViewController.swift; sourceTree = "<group>"; };
		966116F82AD790A600AE6C66 /* Base */ = {isa = PBXFileReference; lastKnownFileType = file.storyboard; name = Base; path = Base.lproj/Main.storyboard; sourceTree = "<group>"; };
		966116FA2AD790A800AE6C66 /* Assets.xcassets */ = {isa = PBXFileReference; lastKnownFileType = folder.assetcatalog; path = Assets.xcassets; sourceTree = "<group>"; };
		966116FD2AD790A800AE6C66 /* Base */ = {isa = PBXFileReference; lastKnownFileType = file.storyboard; name = Base; path = Base.lproj/LaunchScreen.storyboard; sourceTree = "<group>"; };
		966116FF2AD790A800AE6C66 /* Info.plist */ = {isa = PBXFileReference; lastKnownFileType = text.plist.xml; path = Info.plist; sourceTree = "<group>"; };
		96681BB92ADF7AF40093AC18 /* Profile.swift */ = {isa = PBXFileReference; lastKnownFileType = sourcecode.swift; path = Profile.swift; sourceTree = "<group>"; };
		96B5B0E32ADF93A900B1541B /* Alamofire.framework */ = {isa = PBXFileReference; explicitFileType = wrapper.framework; path = Alamofire.framework; sourceTree = BUILT_PRODUCTS_DIR; };
		C7F16B1FC6786038C5C3910E /* Pods_1__First_Project.framework */ = {isa = PBXFileReference; explicitFileType = wrapper.framework; includeInIndex = 0; path = Pods_1__First_Project.framework; sourceTree = BUILT_PRODUCTS_DIR; };
/* End PBXFileReference section */

/* Begin PBXFrameworksBuildPhase section */
		966116EB2AD790A600AE6C66 /* Frameworks */ = {
			isa = PBXFrameworksBuildPhase;
			buildActionMask = 2147483647;
			files = (
				E010441C462AF71019D81621 /* Pods_1__First_Project.framework in Frameworks */,
			);
			runOnlyForDeploymentPostprocessing = 0;
		};
/* End PBXFrameworksBuildPhase section */

/* Begin PBXGroup section */
		12F2AA3C3A9F2EB9068E29E0 /* Frameworks */ = {
			isa = PBXGroup;
			children = (
				96B5B0E32ADF93A900B1541B /* Alamofire.framework */,
				C7F16B1FC6786038C5C3910E /* Pods_1__First_Project.framework */,
			);
			name = Frameworks;
			sourceTree = "<group>";
		};
		4A54C4EC6BA9F5F902C4EF96 /* Pods */ = {
			isa = PBXGroup;
			children = (
				8DB5B92DE40C725CE35ECD44 /* Pods-1. First Project.debug.xcconfig */,
				1527A9E0BC962511174C95AF /* Pods-1. First Project.release.xcconfig */,
			);
			path = Pods;
			sourceTree = "<group>";
		};
		9638584C2AD8EA8B00DCC85B /* CustomButton */ = {
			isa = PBXGroup;
			children = (
				9638584D2AD9234F00DCC85B /* CustomButton.swift */,
				9638584F2AD92E5700DCC85B /* CustomButton.xib */,
			);
			path = CustomButton;
			sourceTree = "<group>";
		};
		963858582AD9389900DCC85B /* ProfileView */ = {
			isa = PBXGroup;
			children = (
				9638585F2AD9392C00DCC85B /* ProfileView.swift */,
				963858602AD9392C00DCC85B /* ProfileView.xib */,
			);
			path = ProfileView;
			sourceTree = "<group>";
		};
		966116E52AD790A600AE6C66 = {
			isa = PBXGroup;
			children = (
				966116F02AD790A600AE6C66 /* 1. First Project */,
				966116EF2AD790A600AE6C66 /* Products */,
				4A54C4EC6BA9F5F902C4EF96 /* Pods */,
				12F2AA3C3A9F2EB9068E29E0 /* Frameworks */,
			);
			sourceTree = "<group>";
		};
		966116EF2AD790A600AE6C66 /* Products */ = {
			isa = PBXGroup;
			children = (
				966116EE2AD790A600AE6C66 /* 1. First Project.app */,
			);
			name = Products;
			sourceTree = "<group>";
		};
		966116F02AD790A600AE6C66 /* 1. First Project */ = {
			isa = PBXGroup;
			children = (
				966116F12AD790A600AE6C66 /* AppDelegate.swift */,
				966116F32AD790A600AE6C66 /* SceneDelegate.swift */,
				96681BB72ADF7A430093AC18 /* Entity */,
				96681BB62ADF78B10093AC18 /* Core */,
				96681BB82ADF7A590093AC18 /* View */,
				966116F72AD790A600AE6C66 /* Main.storyboard */,
				966116FA2AD790A800AE6C66 /* Assets.xcassets */,
				966116FC2AD790A800AE6C66 /* LaunchScreen.storyboard */,
				966116FF2AD790A800AE6C66 /* Info.plist */,
			);
			path = "1. First Project";
			sourceTree = "<group>";
		};
		96681BB62ADF78B10093AC18 /* Core */ = {
			isa = PBXGroup;
			children = (
				966116F52AD790A600AE6C66 /* ViewController.swift */,
			);
			path = Core;
			sourceTree = "<group>";
		};
		96681BB72ADF7A430093AC18 /* Entity */ = {
			isa = PBXGroup;
			children = (
				96681BB92ADF7AF40093AC18 /* Profile.swift */,
			);
			path = Entity;
			sourceTree = "<group>";
		};
		96681BB82ADF7A590093AC18 /* View */ = {
			isa = PBXGroup;
			children = (
				9638584C2AD8EA8B00DCC85B /* CustomButton */,
				963858582AD9389900DCC85B /* ProfileView */,
				963858432AD8E5A300DCC85B /* SecondViewController.swift */,
				963858632AD93B1A00DCC85B /* TableViewController.swift */,
			);
			path = View;
			sourceTree = "<group>";
		};
/* End PBXGroup section */

/* Begin PBXNativeTarget section */
		966116ED2AD790A600AE6C66 /* 1. First Project */ = {
			isa = PBXNativeTarget;
			buildConfigurationList = 966117022AD790A800AE6C66 /* Build configuration list for PBXNativeTarget "1. First Project" */;
			buildPhases = (
				D118A9925CD913AC3B34B24D /* [CP] Check Pods Manifest.lock */,
				966116EA2AD790A600AE6C66 /* Sources */,
				966116EB2AD790A600AE6C66 /* Frameworks */,
				966116EC2AD790A600AE6C66 /* Resources */,
				664B5ED54070301D5A118B75 /* [CP] Embed Pods Frameworks */,
			);
			buildRules = (
			);
			dependencies = (
			);
			name = "1. First Project";
			productName = "1. First Project";
			productReference = 966116EE2AD790A600AE6C66 /* 1. First Project.app */;
			productType = "com.apple.product-type.application";
		};
/* End PBXNativeTarget section */

/* Begin PBXProject section */
		966116E62AD790A600AE6C66 /* Project object */ = {
			isa = PBXProject;
			attributes = {
				BuildIndependentTargetsInParallel = 1;
				LastSwiftUpdateCheck = 1410;
				LastUpgradeCheck = 1410;
				TargetAttributes = {
					966116ED2AD790A600AE6C66 = {
						CreatedOnToolsVersion = 14.1;
					};
				};
			};
			buildConfigurationList = 966116E92AD790A600AE6C66 /* Build configuration list for PBXProject "1. First Project" */;
			compatibilityVersion = "Xcode 14.0";
			developmentRegion = en;
			hasScannedForEncodings = 0;
			knownRegions = (
				en,
				Base,
			);
			mainGroup = 966116E52AD790A600AE6C66;
			productRefGroup = 966116EF2AD790A600AE6C66 /* Products */;
			projectDirPath = "";
			projectRoot = "";
			targets = (
				966116ED2AD790A600AE6C66 /* 1. First Project */,
			);
		};
/* End PBXProject section */

/* Begin PBXResourcesBuildPhase section */
		966116EC2AD790A600AE6C66 /* Resources */ = {
			isa = PBXResourcesBuildPhase;
			buildActionMask = 2147483647;
			files = (
				963858502AD92E5700DCC85B /* CustomButton.xib in Resources */,
				963858622AD9392C00DCC85B /* ProfileView.xib in Resources */,
				966116FE2AD790A800AE6C66 /* LaunchScreen.storyboard in Resources */,
				966116FB2AD790A800AE6C66 /* Assets.xcassets in Resources */,
				966116F92AD790A600AE6C66 /* Main.storyboard in Resources */,
			);
			runOnlyForDeploymentPostprocessing = 0;
		};
/* End PBXResourcesBuildPhase section */

/* Begin PBXShellScriptBuildPhase section */
		664B5ED54070301D5A118B75 /* [CP] Embed Pods Frameworks */ = {
			isa = PBXShellScriptBuildPhase;
			buildActionMask = 2147483647;
			files = (
			);
			inputFileListPaths = (
				"${PODS_ROOT}/Target Support Files/Pods-1. First Project/Pods-1. First Project-frameworks-${CONFIGURATION}-input-files.xcfilelist",
			);
			name = "[CP] Embed Pods Frameworks";
			outputFileListPaths = (
				"${PODS_ROOT}/Target Support Files/Pods-1. First Project/Pods-1. First Project-frameworks-${CONFIGURATION}-output-files.xcfilelist",
			);
			runOnlyForDeploymentPostprocessing = 0;
			shellPath = /bin/sh;
			shellScript = "\"${PODS_ROOT}/Target Support Files/Pods-1. First Project/Pods-1. First Project-frameworks.sh\"\n";
			showEnvVarsInLog = 0;
		};
		D118A9925CD913AC3B34B24D /* [CP] Check Pods Manifest.lock */ = {
			isa = PBXShellScriptBuildPhase;
			buildActionMask = 2147483647;
			files = (
			);
			inputFileListPaths = (
			);
			inputPaths = (
				"${PODS_PODFILE_DIR_PATH}/Podfile.lock",
				"${PODS_ROOT}/Manifest.lock",
			);
			name = "[CP] Check Pods Manifest.lock";
			outputFileListPaths = (
			);
			outputPaths = (
				"$(DERIVED_FILE_DIR)/Pods-1. First Project-checkManifestLockResult.txt",
			);
			runOnlyForDeploymentPostprocessing = 0;
			shellPath = /bin/sh;
			shellScript = "diff \"${PODS_PODFILE_DIR_PATH}/Podfile.lock\" \"${PODS_ROOT}/Manifest.lock\" > /dev/null\nif [ $? != 0 ] ; then\n    # print error to STDERR\n    echo \"error: The sandbox is not in sync with the Podfile.lock. Run 'pod install' or update your CocoaPods installation.\" >&2\n    exit 1\nfi\n# This output is used by Xcode 'outputs' to avoid re-running this script phase.\necho \"SUCCESS\" > \"${SCRIPT_OUTPUT_FILE_0}\"\n";
			showEnvVarsInLog = 0;
		};
/* End PBXShellScriptBuildPhase section */

/* Begin PBXSourcesBuildPhase section */
		966116EA2AD790A600AE6C66 /* Sources */ = {
			isa = PBXSourcesBuildPhase;
			buildActionMask = 2147483647;
			files = (
				963858442AD8E5A300DCC85B /* SecondViewController.swift in Sources */,
				96681BBA2ADF7AF40093AC18 /* Profile.swift in Sources */,
				963858642AD93B1A00DCC85B /* TableViewController.swift in Sources */,
				966116F62AD790A600AE6C66 /* ViewController.swift in Sources */,
				9638584E2AD9234F00DCC85B /* CustomButton.swift in Sources */,
				966116F22AD790A600AE6C66 /* AppDelegate.swift in Sources */,
				963858612AD9392C00DCC85B /* ProfileView.swift in Sources */,
				966116F42AD790A600AE6C66 /* SceneDelegate.swift in Sources */,
			);
			runOnlyForDeploymentPostprocessing = 0;
		};
/* End PBXSourcesBuildPhase section */

/* Begin PBXVariantGroup section */
		966116F72AD790A600AE6C66 /* Main.storyboard */ = {
			isa = PBXVariantGroup;
			children = (
				966116F82AD790A600AE6C66 /* Base */,
			);
			name = Main.storyboard;
			sourceTree = "<group>";
		};
		966116FC2AD790A800AE6C66 /* LaunchScreen.storyboard */ = {
			isa = PBXVariantGroup;
			children = (
				966116FD2AD790A800AE6C66 /* Base */,
			);
			name = LaunchScreen.storyboard;
			sourceTree = "<group>";
		};
/* End PBXVariantGroup section */

/* Begin XCBuildConfiguration section */
		966117002AD790A800AE6C66 /* Debug */ = {
			isa = XCBuildConfiguration;
			buildSettings = {
				ALWAYS_SEARCH_USER_PATHS = NO;
				CLANG_ANALYZER_NONNULL = YES;
				CLANG_ANALYZER_NUMBER_OBJECT_CONVERSION = YES_AGGRESSIVE;
				CLANG_CXX_LANGUAGE_STANDARD = "gnu++20";
				CLANG_ENABLE_MODULES = YES;
				CLANG_ENABLE_OBJC_ARC = YES;
				CLANG_ENABLE_OBJC_WEAK = YES;
				CLANG_WARN_BLOCK_CAPTURE_AUTORELEASING = YES;
				CLANG_WARN_BOOL_CONVERSION = YES;
				CLANG_WARN_COMMA = YES;
				CLANG_WARN_CONSTANT_CONVERSION = YES;
				CLANG_WARN_DEPRECATED_OBJC_IMPLEMENTATIONS = YES;
				CLANG_WARN_DIRECT_OBJC_ISA_USAGE = YES_ERROR;
				CLANG_WARN_DOCUMENTATION_COMMENTS = YES;
				CLANG_WARN_EMPTY_BODY = YES;
				CLANG_WARN_ENUM_CONVERSION = YES;
				CLANG_WARN_INFINITE_RECURSION = YES;
				CLANG_WARN_INT_CONVERSION = YES;
				CLANG_WARN_NON_LITERAL_NULL_CONVERSION = YES;
				CLANG_WARN_OBJC_IMPLICIT_RETAIN_SELF = YES;
				CLANG_WARN_OBJC_LITERAL_CONVERSION = YES;
				CLANG_WARN_OBJC_ROOT_CLASS = YES_ERROR;
				CLANG_WARN_QUOTED_INCLUDE_IN_FRAMEWORK_HEADER = YES;
				CLANG_WARN_RANGE_LOOP_ANALYSIS = YES;
				CLANG_WARN_STRICT_PROTOTYPES = YES;
				CLANG_WARN_SUSPICIOUS_MOVE = YES;
				CLANG_WARN_UNGUARDED_AVAILABILITY = YES_AGGRESSIVE;
				CLANG_WARN_UNREACHABLE_CODE = YES;
				CLANG_WARN__DUPLICATE_METHOD_MATCH = YES;
				COPY_PHASE_STRIP = NO;
				DEBUG_INFORMATION_FORMAT = dwarf;
				ENABLE_STRICT_OBJC_MSGSEND = YES;
				ENABLE_TESTABILITY = YES;
				GCC_C_LANGUAGE_STANDARD = gnu11;
				GCC_DYNAMIC_NO_PIC = NO;
				GCC_NO_COMMON_BLOCKS = YES;
				GCC_OPTIMIZATION_LEVEL = 0;
				GCC_PREPROCESSOR_DEFINITIONS = (
					"DEBUG=1",
					"$(inherited)",
				);
				GCC_WARN_64_TO_32_BIT_CONVERSION = YES;
				GCC_WARN_ABOUT_RETURN_TYPE = YES_ERROR;
				GCC_WARN_UNDECLARED_SELECTOR = YES;
				GCC_WARN_UNINITIALIZED_AUTOS = YES_AGGRESSIVE;
				GCC_WARN_UNUSED_FUNCTION = YES;
				GCC_WARN_UNUSED_VARIABLE = YES;
				IPHONEOS_DEPLOYMENT_TARGET = 16.1;
				MTL_ENABLE_DEBUG_INFO = INCLUDE_SOURCE;
				MTL_FAST_MATH = YES;
				ONLY_ACTIVE_ARCH = YES;
				SDKROOT = iphoneos;
				SWIFT_ACTIVE_COMPILATION_CONDITIONS = DEBUG;
				SWIFT_OPTIMIZATION_LEVEL = "-Onone";
			};
			name = Debug;
		};
		966117012AD790A800AE6C66 /* Release */ = {
			isa = XCBuildConfiguration;
			buildSettings = {
				ALWAYS_SEARCH_USER_PATHS = NO;
				CLANG_ANALYZER_NONNULL = YES;
				CLANG_ANALYZER_NUMBER_OBJECT_CONVERSION = YES_AGGRESSIVE;
				CLANG_CXX_LANGUAGE_STANDARD = "gnu++20";
				CLANG_ENABLE_MODULES = YES;
				CLANG_ENABLE_OBJC_ARC = YES;
				CLANG_ENABLE_OBJC_WEAK = YES;
				CLANG_WARN_BLOCK_CAPTURE_AUTORELEASING = YES;
				CLANG_WARN_BOOL_CONVERSION = YES;
				CLANG_WARN_COMMA = YES;
				CLANG_WARN_CONSTANT_CONVERSION = YES;
				CLANG_WARN_DEPRECATED_OBJC_IMPLEMENTATIONS = YES;
				CLANG_WARN_DIRECT_OBJC_ISA_USAGE = YES_ERROR;
				CLANG_WARN_DOCUMENTATION_COMMENTS = YES;
				CLANG_WARN_EMPTY_BODY = YES;
				CLANG_WARN_ENUM_CONVERSION = YES;
				CLANG_WARN_INFINITE_RECURSION = YES;
				CLANG_WARN_INT_CONVERSION = YES;
				CLANG_WARN_NON_LITERAL_NULL_CONVERSION = YES;
				CLANG_WARN_OBJC_IMPLICIT_RETAIN_SELF = YES;
				CLANG_WARN_OBJC_LITERAL_CONVERSION = YES;
				CLANG_WARN_OBJC_ROOT_CLASS = YES_ERROR;
				CLANG_WARN_QUOTED_INCLUDE_IN_FRAMEWORK_HEADER = YES;
				CLANG_WARN_RANGE_LOOP_ANALYSIS = YES;
				CLANG_WARN_STRICT_PROTOTYPES = YES;
				CLANG_WARN_SUSPICIOUS_MOVE = YES;
				CLANG_WARN_UNGUARDED_AVAILABILITY = YES_AGGRESSIVE;
				CLANG_WARN_UNREACHABLE_CODE = YES;
				CLANG_WARN__DUPLICATE_METHOD_MATCH = YES;
				COPY_PHASE_STRIP = NO;
				DEBUG_INFORMATION_FORMAT = "dwarf-with-dsym";
				ENABLE_NS_ASSERTIONS = NO;
				ENABLE_STRICT_OBJC_MSGSEND = YES;
				GCC_C_LANGUAGE_STANDARD = gnu11;
				GCC_NO_COMMON_BLOCKS = YES;
				GCC_WARN_64_TO_32_BIT_CONVERSION = YES;
				GCC_WARN_ABOUT_RETURN_TYPE = YES_ERROR;
				GCC_WARN_UNDECLARED_SELECTOR = YES;
				GCC_WARN_UNINITIALIZED_AUTOS = YES_AGGRESSIVE;
				GCC_WARN_UNUSED_FUNCTION = YES;
				GCC_WARN_UNUSED_VARIABLE = YES;
				IPHONEOS_DEPLOYMENT_TARGET = 16.1;
				MTL_ENABLE_DEBUG_INFO = NO;
				MTL_FAST_MATH = YES;
				SDKROOT = iphoneos;
				SWIFT_COMPILATION_MODE = wholemodule;
				SWIFT_OPTIMIZATION_LEVEL = "-O";
				VALIDATE_PRODUCT = YES;
			};
			name = Release;
		};
		966117032AD790A800AE6C66 /* Debug */ = {
			isa = XCBuildConfiguration;
			baseConfigurationReference = 8DB5B92DE40C725CE35ECD44 /* Pods-1. First Project.debug.xcconfig */;
			buildSettings = {
				ASSETCATALOG_COMPILER_APPICON_NAME = AppIcon;
				ASSETCATALOG_COMPILER_GLOBAL_ACCENT_COLOR_NAME = AccentColor;
				ASSETCATALOG_COMPILER_INCLUDE_ALL_APPICON_ASSETS = YES;
				CODE_SIGN_STYLE = Automatic;
				CURRENT_PROJECT_VERSION = 1;
				DEVELOPMENT_TEAM = M85VR7MMDY;
				GENERATE_INFOPLIST_FILE = YES;
				INFOPLIST_FILE = "1. First Project/Info.plist";
				INFOPLIST_KEY_UIApplicationSupportsIndirectInputEvents = YES;
				INFOPLIST_KEY_UILaunchStoryboardName = LaunchScreen;
				INFOPLIST_KEY_UIMainStoryboardFile = Main;
				INFOPLIST_KEY_UISupportedInterfaceOrientations = UIInterfaceOrientationPortrait;
				INFOPLIST_KEY_UISupportedInterfaceOrientations_iPad = "UIInterfaceOrientationLandscapeLeft UIInterfaceOrientationLandscapeRight UIInterfaceOrientationPortrait UIInterfaceOrientationPortraitUpsideDown";
				LD_RUNPATH_SEARCH_PATHS = (
					"$(inherited)",
					"@executable_path/Frameworks",
				);
				MARKETING_VERSION = 1.0;
				PRODUCT_BUNDLE_IDENTIFIER = "com.bagusrizky.---First-Project";
				PRODUCT_NAME = "$(TARGET_NAME)";
				SUPPORTED_PLATFORMS = "iphoneos iphonesimulator";
				SUPPORTS_MACCATALYST = NO;
				SUPPORTS_MAC_DESIGNED_FOR_IPHONE_IPAD = NO;
				SWIFT_EMIT_LOC_STRINGS = YES;
				SWIFT_VERSION = 5.0;
				TARGETED_DEVICE_FAMILY = 1;
			};
			name = Debug;
		};
		966117042AD790A800AE6C66 /* Release */ = {
			isa = XCBuildConfiguration;
			baseConfigurationReference = 1527A9E0BC962511174C95AF /* Pods-1. First Project.release.xcconfig */;
			buildSettings = {
				ASSETCATALOG_COMPILER_APPICON_NAME = AppIcon;
				ASSETCATALOG_COMPILER_GLOBAL_ACCENT_COLOR_NAME = AccentColor;
				ASSETCATALOG_COMPILER_INCLUDE_ALL_APPICON_ASSETS = YES;
				CODE_SIGN_STYLE = Automatic;
				CURRENT_PROJECT_VERSION = 1;
				DEVELOPMENT_TEAM = M85VR7MMDY;
				GENERATE_INFOPLIST_FILE = YES;
				INFOPLIST_FILE = "1. First Project/Info.plist";
				INFOPLIST_KEY_UIApplicationSupportsIndirectInputEvents = YES;
				INFOPLIST_KEY_UILaunchStoryboardName = LaunchScreen;
				INFOPLIST_KEY_UIMainStoryboardFile = Main;
				INFOPLIST_KEY_UISupportedInterfaceOrientations = UIInterfaceOrientationPortrait;
				INFOPLIST_KEY_UISupportedInterfaceOrientations_iPad = "UIInterfaceOrientationLandscapeLeft UIInterfaceOrientationLandscapeRight UIInterfaceOrientationPortrait UIInterfaceOrientationPortraitUpsideDown";
				LD_RUNPATH_SEARCH_PATHS = (
					"$(inherited)",
					"@executable_path/Frameworks",
				);
				MARKETING_VERSION = 1.0;
				PRODUCT_BUNDLE_IDENTIFIER = "com.bagusrizky.---First-Project";
				PRODUCT_NAME = "$(TARGET_NAME)";
				SUPPORTED_PLATFORMS = "iphoneos iphonesimulator";
				SUPPORTS_MACCATALYST = NO;
				SUPPORTS_MAC_DESIGNED_FOR_IPHONE_IPAD = NO;
				SWIFT_EMIT_LOC_STRINGS = YES;
				SWIFT_VERSION = 5.0;
				TARGETED_DEVICE_FAMILY = 1;
			};
			name = Release;
		};
/* End XCBuildConfiguration section */

/* Begin XCConfigurationList section */
		966116E92AD790A600AE6C66 /* Build configuration list for PBXProject "1. First Project" */ = {
			isa = XCConfigurationList;
			buildConfigurations = (
				966117002AD790A800AE6C66 /* Debug */,
				966117012AD790A800AE6C66 /* Release */,
			);
			defaultConfigurationIsVisible = 0;
			defaultConfigurationName = Release;
		};
		966117022AD790A800AE6C66 /* Build configuration list for PBXNativeTarget "1. First Project" */ = {
			isa = XCConfigurationList;
			buildConfigurations = (
				966117032AD790A800AE6C66 /* Debug */,
				966117042AD790A800AE6C66 /* Release */,
			);
			defaultConfigurationIsVisible = 0;
			defaultConfigurationName = Release;
		};
/* End XCConfigurationList section */
	};
	rootObject = 966116E62AD790A600AE6C66 /* Project object */;
}
