// !$*UTF8*$!
{
	archiveVersion = 1;
	classes = {
	};
	objectVersion = 56;
	objects = {

/* Begin PBXBuildFile section */
		964AE6122AE2608F003A194F /* myWatchIOS Watch App.app in Embed Watch Content */ = {isa = PBXBuildFile; fileRef = 964AE6112AE2608F003A194F /* myWatchIOS Watch App.app */; settings = {ATTRIBUTES = (RemoveHeadersOnCopy, ); }; };
		964AE6172AE2608F003A194F /* myWatchIOSApp.swift in Sources */ = {isa = PBXBuildFile; fileRef = 964AE6162AE2608F003A194F /* myWatchIOSApp.swift */; };
		964AE6192AE2608F003A194F /* ContentView.swift in Sources */ = {isa = PBXBuildFile; fileRef = 964AE6182AE2608F003A194F /* ContentView.swift */; };
		964AE61B2AE26092003A194F /* Assets.xcassets in Resources */ = {isa = PBXBuildFile; fileRef = 964AE61A2AE26092003A194F /* Assets.xcassets */; };
		964AE61E2AE26092003A194F /* Preview Assets.xcassets in Resources */ = {isa = PBXBuildFile; fileRef = 964AE61D2AE26092003A194F /* Preview Assets.xcassets */; };
/* End PBXBuildFile section */

/* Begin PBXContainerItemProxy section */
		964AE6132AE2608F003A194F /* PBXContainerItemProxy */ = {
			isa = PBXContainerItemProxy;
			containerPortal = 964AE6052AE2608F003A194F /* Project object */;
			proxyType = 1;
			remoteGlobalIDString = 964AE6102AE2608F003A194F;
			remoteInfo = "myWatchIOS Watch App";
		};
/* End PBXContainerItemProxy section */

/* Begin PBXCopyFilesBuildPhase section */
		964AE6242AE26092003A194F /* Embed Watch Content */ = {
			isa = PBXCopyFilesBuildPhase;
			buildActionMask = 2147483647;
			dstPath = "$(CONTENTS_FOLDER_PATH)/Watch";
			dstSubfolderSpec = 16;
			files = (
				964AE6122AE2608F003A194F /* myWatchIOS Watch App.app in Embed Watch Content */,
			);
			name = "Embed Watch Content";
			runOnlyForDeploymentPostprocessing = 0;
		};
/* End PBXCopyFilesBuildPhase section */

/* Begin PBXFileReference section */
		964AE60B2AE2608F003A194F /* myWatchIOS.app */ = {isa = PBXFileReference; explicitFileType = wrapper.application; includeInIndex = 0; path = myWatchIOS.app; sourceTree = BUILT_PRODUCTS_DIR; };
		964AE6112AE2608F003A194F /* myWatchIOS Watch App.app */ = {isa = PBXFileReference; explicitFileType = wrapper.application; includeInIndex = 0; path = "myWatchIOS Watch App.app"; sourceTree = BUILT_PRODUCTS_DIR; };
		964AE6162AE2608F003A194F /* myWatchIOSApp.swift */ = {isa = PBXFileReference; lastKnownFileType = sourcecode.swift; path = myWatchIOSApp.swift; sourceTree = "<group>"; };
		964AE6182AE2608F003A194F /* ContentView.swift */ = {isa = PBXFileReference; lastKnownFileType = sourcecode.swift; path = ContentView.swift; sourceTree = "<group>"; };
		964AE61A2AE26092003A194F /* Assets.xcassets */ = {isa = PBXFileReference; lastKnownFileType = folder.assetcatalog; path = Assets.xcassets; sourceTree = "<group>"; };
		964AE61D2AE26092003A194F /* Preview Assets.xcassets */ = {isa = PBXFileReference; lastKnownFileType = folder.assetcatalog; path = "Preview Assets.xcassets"; sourceTree = "<group>"; };
/* End PBXFileReference section */

/* Begin PBXFrameworksBuildPhase section */
		964AE60E2AE2608F003A194F /* Frameworks */ = {
			isa = PBXFrameworksBuildPhase;
			buildActionMask = 2147483647;
			files = (
			);
			runOnlyForDeploymentPostprocessing = 0;
		};
/* End PBXFrameworksBuildPhase section */

/* Begin PBXGroup section */
		964AE6042AE2608F003A194F = {
			isa = PBXGroup;
			children = (
				964AE6152AE2608F003A194F /* myWatchIOS Watch App */,
				964AE60C2AE2608F003A194F /* Products */,
			);
			sourceTree = "<group>";
		};
		964AE60C2AE2608F003A194F /* Products */ = {
			isa = PBXGroup;
			children = (
				964AE60B2AE2608F003A194F /* myWatchIOS.app */,
				964AE6112AE2608F003A194F /* myWatchIOS Watch App.app */,
			);
			name = Products;
			sourceTree = "<group>";
		};
		964AE6152AE2608F003A194F /* myWatchIOS Watch App */ = {
			isa = PBXGroup;
			children = (
				964AE6162AE2608F003A194F /* myWatchIOSApp.swift */,
				964AE6182AE2608F003A194F /* ContentView.swift */,
				964AE61A2AE26092003A194F /* Assets.xcassets */,
				964AE61C2AE26092003A194F /* Preview Content */,
			);
			path = "myWatchIOS Watch App";
			sourceTree = "<group>";
		};
		964AE61C2AE26092003A194F /* Preview Content */ = {
			isa = PBXGroup;
			children = (
				964AE61D2AE26092003A194F /* Preview Assets.xcassets */,
			);
			path = "Preview Content";
			sourceTree = "<group>";
		};
/* End PBXGroup section */

/* Begin PBXNativeTarget section */
		964AE60A2AE2608F003A194F /* myWatchIOS */ = {
			isa = PBXNativeTarget;
			buildConfigurationList = 964AE6252AE26092003A194F /* Build configuration list for PBXNativeTarget "myWatchIOS" */;
			buildPhases = (
				964AE6092AE2608F003A194F /* Resources */,
				964AE6242AE26092003A194F /* Embed Watch Content */,
			);
			buildRules = (
			);
			dependencies = (
				964AE6142AE2608F003A194F /* PBXTargetDependency */,
			);
			name = myWatchIOS;
			productName = myWatchIOS;
			productReference = 964AE60B2AE2608F003A194F /* myWatchIOS.app */;
			productType = "com.apple.product-type.application.watchapp2-container";
		};
		964AE6102AE2608F003A194F /* myWatchIOS Watch App */ = {
			isa = PBXNativeTarget;
			buildConfigurationList = 964AE6212AE26092003A194F /* Build configuration list for PBXNativeTarget "myWatchIOS Watch App" */;
			buildPhases = (
				964AE60D2AE2608F003A194F /* Sources */,
				964AE60E2AE2608F003A194F /* Frameworks */,
				964AE60F2AE2608F003A194F /* Resources */,
			);
			buildRules = (
			);
			dependencies = (
			);
			name = "myWatchIOS Watch App";
			productName = "myWatchIOS Watch App";
			productReference = 964AE6112AE2608F003A194F /* myWatchIOS Watch App.app */;
			productType = "com.apple.product-type.application";
		};
/* End PBXNativeTarget section */

/* Begin PBXProject section */
		964AE6052AE2608F003A194F /* Project object */ = {
			isa = PBXProject;
			attributes = {
				BuildIndependentTargetsInParallel = 1;
				LastSwiftUpdateCheck = 1410;
				LastUpgradeCheck = 1410;
				TargetAttributes = {
					964AE60A2AE2608F003A194F = {
						CreatedOnToolsVersion = 14.1;
					};
					964AE6102AE2608F003A194F = {
						CreatedOnToolsVersion = 14.1;
					};
				};
			};
			buildConfigurationList = 964AE6082AE2608F003A194F /* Build configuration list for PBXProject "myWatchIOS" */;
			compatibilityVersion = "Xcode 14.0";
			developmentRegion = en;
			hasScannedForEncodings = 0;
			knownRegions = (
				en,
				Base,
			);
			mainGroup = 964AE6042AE2608F003A194F;
			productRefGroup = 964AE60C2AE2608F003A194F /* Products */;
			projectDirPath = "";
			projectRoot = "";
			targets = (
				964AE60A2AE2608F003A194F /* myWatchIOS */,
				964AE6102AE2608F003A194F /* myWatchIOS Watch App */,
			);
		};
/* End PBXProject section */

/* Begin PBXResourcesBuildPhase section */
		964AE6092AE2608F003A194F /* Resources */ = {
			isa = PBXResourcesBuildPhase;
			buildActionMask = 2147483647;
			files = (
			);
			runOnlyForDeploymentPostprocessing = 0;
		};
		964AE60F2AE2608F003A194F /* Resources */ = {
			isa = PBXResourcesBuildPhase;
			buildActionMask = 2147483647;
			files = (
				964AE61E2AE26092003A194F /* Preview Assets.xcassets in Resources */,
				964AE61B2AE26092003A194F /* Assets.xcassets in Resources */,
			);
			runOnlyForDeploymentPostprocessing = 0;
		};
/* End PBXResourcesBuildPhase section */

/* Begin PBXSourcesBuildPhase section */
		964AE60D2AE2608F003A194F /* Sources */ = {
			isa = PBXSourcesBuildPhase;
			buildActionMask = 2147483647;
			files = (
				964AE6192AE2608F003A194F /* ContentView.swift in Sources */,
				964AE6172AE2608F003A194F /* myWatchIOSApp.swift in Sources */,
			);
			runOnlyForDeploymentPostprocessing = 0;
		};
/* End PBXSourcesBuildPhase section */

/* Begin PBXTargetDependency section */
		964AE6142AE2608F003A194F /* PBXTargetDependency */ = {
			isa = PBXTargetDependency;
			target = 964AE6102AE2608F003A194F /* myWatchIOS Watch App */;
			targetProxy = 964AE6132AE2608F003A194F /* PBXContainerItemProxy */;
		};
/* End PBXTargetDependency section */

/* Begin XCBuildConfiguration section */
		964AE61F2AE26092003A194F /* Debug */ = {
			isa = XCBuildConfiguration;
			buildSettings = {
				ALWAYS_SEARCH_USER_PATHS = NO;
				CLANG_ANALYZER_NONNULL = YES;
				CLANG_ANALYZER_NUMBER_OBJECT_CONVERSION = YES_AGGRESSIVE;
				CLANG_CXX_LANGUAGE_STANDARD = "gnu++20";
				CLANG_ENABLE_MODULES = YES;
				CLANG_ENABLE_OBJC_ARC = YES;
				CLANG_ENABLE_OBJC_WEAK = YES;
				CLANG_WARN_BLOCK_CAPTURE_AUTORELEASING = YES;
				CLANG_WARN_BOOL_CONVERSION = YES;
				CLANG_WARN_COMMA = YES;
				CLANG_WARN_CONSTANT_CONVERSION = YES;
				CLANG_WARN_DEPRECATED_OBJC_IMPLEMENTATIONS = YES;
				CLANG_WARN_DIRECT_OBJC_ISA_USAGE = YES_ERROR;
				CLANG_WARN_DOCUMENTATION_COMMENTS = YES;
				CLANG_WARN_EMPTY_BODY = YES;
				CLANG_WARN_ENUM_CONVERSION = YES;
				CLANG_WARN_INFINITE_RECURSION = YES;
				CLANG_WARN_INT_CONVERSION = YES;
				CLANG_WARN_NON_LITERAL_NULL_CONVERSION = YES;
				CLANG_WARN_OBJC_IMPLICIT_RETAIN_SELF = YES;
				CLANG_WARN_OBJC_LITERAL_CONVERSION = YES;
				CLANG_WARN_OBJC_ROOT_CLASS = YES_ERROR;
				CLANG_WARN_QUOTED_INCLUDE_IN_FRAMEWORK_HEADER = YES;
				CLANG_WARN_RANGE_LOOP_ANALYSIS = YES;
				CLANG_WARN_STRICT_PROTOTYPES = YES;
				CLANG_WARN_SUSPICIOUS_MOVE = YES;
				CLANG_WARN_UNGUARDED_AVAILABILITY = YES_AGGRESSIVE;
				CLANG_WARN_UNREACHABLE_CODE = YES;
				CLANG_WARN__DUPLICATE_METHOD_MATCH = YES;
				COPY_PHASE_STRIP = NO;
				DEBUG_INFORMATION_FORMAT = dwarf;
				ENABLE_STRICT_OBJC_MSGSEND = YES;
				ENABLE_TESTABILITY = YES;
				GCC_C_LANGUAGE_STANDARD = gnu11;
				GCC_DYNAMIC_NO_PIC = NO;
				GCC_NO_COMMON_BLOCKS = YES;
				GCC_OPTIMIZATION_LEVEL = 0;
				GCC_PREPROCESSOR_DEFINITIONS = (
					"DEBUG=1",
					"$(inherited)",
				);
				GCC_WARN_64_TO_32_BIT_CONVERSION = YES;
				GCC_WARN_ABOUT_RETURN_TYPE = YES_ERROR;
				GCC_WARN_UNDECLARED_SELECTOR = YES;
				GCC_WARN_UNINITIALIZED_AUTOS = YES_AGGRESSIVE;
				GCC_WARN_UNUSED_FUNCTION = YES;
				GCC_WARN_UNUSED_VARIABLE = YES;
				MTL_ENABLE_DEBUG_INFO = INCLUDE_SOURCE;
				MTL_FAST_MATH = YES;
				ONLY_ACTIVE_ARCH = YES;
				SWIFT_ACTIVE_COMPILATION_CONDITIONS = DEBUG;
				SWIFT_OPTIMIZATION_LEVEL = "-Onone";
			};
			name = Debug;
		};
		964AE6202AE26092003A194F /* Release */ = {
			isa = XCBuildConfiguration;
			buildSettings = {
				ALWAYS_SEARCH_USER_PATHS = NO;
				CLANG_ANALYZER_NONNULL = YES;
				CLANG_ANALYZER_NUMBER_OBJECT_CONVERSION = YES_AGGRESSIVE;
				CLANG_CXX_LANGUAGE_STANDARD = "gnu++20";
				CLANG_ENABLE_MODULES = YES;
				CLANG_ENABLE_OBJC_ARC = YES;
				CLANG_ENABLE_OBJC_WEAK = YES;
				CLANG_WARN_BLOCK_CAPTURE_AUTORELEASING = YES;
				CLANG_WARN_BOOL_CONVERSION = YES;
				CLANG_WARN_COMMA = YES;
				CLANG_WARN_CONSTANT_CONVERSION = YES;
				CLANG_WARN_DEPRECATED_OBJC_IMPLEMENTATIONS = YES;
				CLANG_WARN_DIRECT_OBJC_ISA_USAGE = YES_ERROR;
				CLANG_WARN_DOCUMENTATION_COMMENTS = YES;
				CLANG_WARN_EMPTY_BODY = YES;
				CLANG_WARN_ENUM_CONVERSION = YES;
				CLANG_WARN_INFINITE_RECURSION = YES;
				CLANG_WARN_INT_CONVERSION = YES;
				CLANG_WARN_NON_LITERAL_NULL_CONVERSION = YES;
				CLANG_WARN_OBJC_IMPLICIT_RETAIN_SELF = YES;
				CLANG_WARN_OBJC_LITERAL_CONVERSION = YES;
				CLANG_WARN_OBJC_ROOT_CLASS = YES_ERROR;
				CLANG_WARN_QUOTED_INCLUDE_IN_FRAMEWORK_HEADER = YES;
				CLANG_WARN_RANGE_LOOP_ANALYSIS = YES;
				CLANG_WARN_STRICT_PROTOTYPES = YES;
				CLANG_WARN_SUSPICIOUS_MOVE = YES;
				CLANG_WARN_UNGUARDED_AVAILABILITY = YES_AGGRESSIVE;
				CLANG_WARN_UNREACHABLE_CODE = YES;
				CLANG_WARN__DUPLICATE_METHOD_MATCH = YES;
				COPY_PHASE_STRIP = NO;
				DEBUG_INFORMATION_FORMAT = "dwarf-with-dsym";
				ENABLE_NS_ASSERTIONS = NO;
				ENABLE_STRICT_OBJC_MSGSEND = YES;
				GCC_C_LANGUAGE_STANDARD = gnu11;
				GCC_NO_COMMON_BLOCKS = YES;
				GCC_WARN_64_TO_32_BIT_CONVERSION = YES;
				GCC_WARN_ABOUT_RETURN_TYPE = YES_ERROR;
				GCC_WARN_UNDECLARED_SELECTOR = YES;
				GCC_WARN_UNINITIALIZED_AUTOS = YES_AGGRESSIVE;
				GCC_WARN_UNUSED_FUNCTION = YES;
				GCC_WARN_UNUSED_VARIABLE = YES;
				MTL_ENABLE_DEBUG_INFO = NO;
				MTL_FAST_MATH = YES;
				SWIFT_COMPILATION_MODE = wholemodule;
				SWIFT_OPTIMIZATION_LEVEL = "-O";
			};
			name = Release;
		};
		964AE6222AE26092003A194F /* Debug */ = {
			isa = XCBuildConfiguration;
			buildSettings = {
				ASSETCATALOG_COMPILER_APPICON_NAME = AppIcon;
				ASSETCATALOG_COMPILER_GLOBAL_ACCENT_COLOR_NAME = AccentColor;
				CODE_SIGN_STYLE = Automatic;
				CURRENT_PROJECT_VERSION = 1;
				DEVELOPMENT_ASSET_PATHS = "\"myWatchIOS Watch App/Preview Content\"";
				DEVELOPMENT_TEAM = M85VR7MMDY;
				ENABLE_PREVIEWS = YES;
				GENERATE_INFOPLIST_FILE = YES;
				INFOPLIST_KEY_CFBundleDisplayName = myWatchIOS;
				INFOPLIST_KEY_UISupportedInterfaceOrientations = "UIInterfaceOrientationPortrait UIInterfaceOrientationPortraitUpsideDown";
				INFOPLIST_KEY_WKWatchOnly = YES;
				LD_RUNPATH_SEARCH_PATHS = (
					"$(inherited)",
					"@executable_path/Frameworks",
				);
				MARKETING_VERSION = 1.0;
				PRODUCT_BUNDLE_IDENTIFIER = com.bagusrizky.myWatchIOS.watchkitapp;
				PRODUCT_NAME = "$(TARGET_NAME)";
				SDKROOT = watchos;
				SKIP_INSTALL = YES;
				SWIFT_EMIT_LOC_STRINGS = YES;
				SWIFT_VERSION = 5.0;
				TARGETED_DEVICE_FAMILY = 4;
				WATCHOS_DEPLOYMENT_TARGET = 9.1;
			};
			name = Debug;
		};
		964AE6232AE26092003A194F /* Release */ = {
			isa = XCBuildConfiguration;
			buildSettings = {
				ASSETCATALOG_COMPILER_APPICON_NAME = AppIcon;
				ASSETCATALOG_COMPILER_GLOBAL_ACCENT_COLOR_NAME = AccentColor;
				CODE_SIGN_STYLE = Automatic;
				CURRENT_PROJECT_VERSION = 1;
				DEVELOPMENT_ASSET_PATHS = "\"myWatchIOS Watch App/Preview Content\"";
				DEVELOPMENT_TEAM = M85VR7MMDY;
				ENABLE_PREVIEWS = YES;
				GENERATE_INFOPLIST_FILE = YES;
				INFOPLIST_KEY_CFBundleDisplayName = myWatchIOS;
				INFOPLIST_KEY_UISupportedInterfaceOrientations = "UIInterfaceOrientationPortrait UIInterfaceOrientationPortraitUpsideDown";
				INFOPLIST_KEY_WKWatchOnly = YES;
				LD_RUNPATH_SEARCH_PATHS = (
					"$(inherited)",
					"@executable_path/Frameworks",
				);
				MARKETING_VERSION = 1.0;
				PRODUCT_BUNDLE_IDENTIFIER = com.bagusrizky.myWatchIOS.watchkitapp;
				PRODUCT_NAME = "$(TARGET_NAME)";
				SDKROOT = watchos;
				SKIP_INSTALL = YES;
				SWIFT_EMIT_LOC_STRINGS = YES;
				SWIFT_VERSION = 5.0;
				TARGETED_DEVICE_FAMILY = 4;
				VALIDATE_PRODUCT = YES;
				WATCHOS_DEPLOYMENT_TARGET = 9.1;
			};
			name = Release;
		};
		964AE6262AE26092003A194F /* Debug */ = {
			isa = XCBuildConfiguration;
			buildSettings = {
				ALWAYS_EMBED_SWIFT_STANDARD_LIBRARIES = YES;
				CODE_SIGN_STYLE = Automatic;
				CURRENT_PROJECT_VERSION = 1;
				DEVELOPMENT_TEAM = M85VR7MMDY;
				INFOPLIST_KEY_CFBundleDisplayName = myWatchIOS;
				MARKETING_VERSION = 1.0;
				PRODUCT_BUNDLE_IDENTIFIER = com.bagusrizky.myWatchIOS;
				PRODUCT_NAME = "$(TARGET_NAME)";
				SDKROOT = iphoneos;
				SWIFT_VERSION = 5.0;
			};
			name = Debug;
		};
		964AE6272AE26092003A194F /* Release */ = {
			isa = XCBuildConfiguration;
			buildSettings = {
				ALWAYS_EMBED_SWIFT_STANDARD_LIBRARIES = YES;
				CODE_SIGN_STYLE = Automatic;
				CURRENT_PROJECT_VERSION = 1;
				DEVELOPMENT_TEAM = M85VR7MMDY;
				INFOPLIST_KEY_CFBundleDisplayName = myWatchIOS;
				MARKETING_VERSION = 1.0;
				PRODUCT_BUNDLE_IDENTIFIER = com.bagusrizky.myWatchIOS;
				PRODUCT_NAME = "$(TARGET_NAME)";
				SDKROOT = iphoneos;
				SWIFT_VERSION = 5.0;
				VALIDATE_PRODUCT = YES;
			};
			name = Release;
		};
/* End XCBuildConfiguration section */

/* Begin XCConfigurationList section */
		964AE6082AE2608F003A194F /* Build configuration list for PBXProject "myWatchIOS" */ = {
			isa = XCConfigurationList;
			buildConfigurations = (
				964AE61F2AE26092003A194F /* Debug */,
				964AE6202AE26092003A194F /* Release */,
			);
			defaultConfigurationIsVisible = 0;
			defaultConfigurationName = Release;
		};
		964AE6212AE26092003A194F /* Build configuration list for PBXNativeTarget "myWatchIOS Watch App" */ = {
			isa = XCConfigurationList;
			buildConfigurations = (
				964AE6222AE26092003A194F /* Debug */,
				964AE6232AE26092003A194F /* Release */,
			);
			defaultConfigurationIsVisible = 0;
			defaultConfigurationName = Release;
		};
		964AE6252AE26092003A194F /* Build configuration list for PBXNativeTarget "myWatchIOS" */ = {
			isa = XCConfigurationList;
			buildConfigurations = (
				964AE6262AE26092003A194F /* Debug */,
				964AE6272AE26092003A194F /* Release */,
			);
			defaultConfigurationIsVisible = 0;
			defaultConfigurationName = Release;
		};
/* End XCConfigurationList section */
	};
	rootObject = 964AE6052AE2608F003A194F /* Project object */;
}
